<?xml version="1.0" encoding="utf-8"?>
<Project ToolsVersion="4.0" xmlns="http://schemas.microsoft.com/developer/msbuild/2003">
  <ItemGroup>
    <Filter Include="Source Files">
      <UniqueIdentifier>{4FC737F1-C7A5-4376-A066-2A32D752A2FF}</UniqueIdentifier>
      <Extensions>cpp;c;cc;cxx;def;odl;idl;hpj;bat;asm;asmx</Extensions>
    </Filter>
    <Filter Include="Header Files">
      <UniqueIdentifier>{93995380-89BD-4b04-88EB-625FBE52EBFB}</UniqueIdentifier>
      <Extensions>h;hh;hpp;hxx;hm;inl;inc;ipp;xsd</Extensions>
    </Filter>
    <Filter Include="Resource Files">
      <UniqueIdentifier>{67DA6AB6-F800-4c08-8B7A-83BB121AAD01}</UniqueIdentifier>
      <Extensions>rc;ico;cur;bmp;dlg;rc2;rct;bin;rgs;gif;jpg;jpeg;jpe;resx;tiff;tif;png;wav;mfcribbon-ms</Extensions>
    </Filter>
  </ItemGroup>
  <ItemGroup>
    <ClInclude Include="Resource.h">
      <Filter>Header Files</Filter>
    </ClInclude>
    <ClInclude Include="pch.h">
      <Filter>Header Files</Filter>
    </ClInclude>
    <ClInclude Include="Unmanaged\Detour\DetourAlloc.h">
      <Filter>Header Files</Filter>
    </ClInclude>
    <ClInclude Include="Unmanaged\Detour\DetourAssert.h">
      <Filter>Header Files</Filter>
    </ClInclude>
    <ClInclude Include="Unmanaged\Detour\DetourCommon.h">
      <Filter>Header Files</Filter>
    </ClInclude>
    <ClInclude Include="Unmanaged\Detour\DetourCrowd.h">
      <Filter>Header Files</Filter>
    </ClInclude>
    <ClInclude Include="Unmanaged\Detour\DetourLocalBoundary.h">
      <Filter>Header Files</Filter>
    </ClInclude>
    <ClInclude Include="Unmanaged\Detour\DetourMath.h">
      <Filter>Header Files</Filter>
    </ClInclude>
    <ClInclude Include="Unmanaged\Detour\DetourNavMesh.h">
      <Filter>Header Files</Filter>
    </ClInclude>
    <ClInclude Include="Unmanaged\Detour\DetourNavMeshBuilder.h">
      <Filter>Header Files</Filter>
    </ClInclude>
    <ClInclude Include="Unmanaged\Detour\DetourNavMeshQuery.h">
      <Filter>Header Files</Filter>
    </ClInclude>
    <ClInclude Include="Unmanaged\Detour\DetourNode.h">
      <Filter>Header Files</Filter>
    </ClInclude>
    <ClInclude Include="Unmanaged\Detour\DetourObstacleAvoidance.h">
      <Filter>Header Files</Filter>
    </ClInclude>
    <ClInclude Include="Unmanaged\Detour\DetourPathCorridor.h">
      <Filter>Header Files</Filter>
    </ClInclude>
    <ClInclude Include="Unmanaged\Detour\DetourPathQueue.h">
      <Filter>Header Files</Filter>
    </ClInclude>
    <ClInclude Include="Unmanaged\Detour\DetourProximityGrid.h">
      <Filter>Header Files</Filter>
    </ClInclude>
    <ClInclude Include="Unmanaged\Detour\DetourStatus.h">
      <Filter>Header Files</Filter>
    </ClInclude>
    <ClInclude Include="Unmanaged\Detour\DetourTileCache.h">
      <Filter>Header Files</Filter>
    </ClInclude>
    <ClInclude Include="Unmanaged\Detour\DetourTileCacheBuilder.h">
      <Filter>Header Files</Filter>
    </ClInclude>
    <ClInclude Include="Unmanaged\Recast\Recast.h">
      <Filter>Header Files</Filter>
    </ClInclude>
    <ClInclude Include="Unmanaged\Recast\RecastAlloc.h">
      <Filter>Header Files</Filter>
    </ClInclude>
    <ClInclude Include="Unmanaged\Recast\RecastAssert.h">
      <Filter>Header Files</Filter>
    </ClInclude>
    <ClInclude Include="Tools\Math\Vector3.h">
      <Filter>Header Files</Filter>
    </ClInclude>
    <ClInclude Include="Recast\CompactCell.h">
      <Filter>Header Files</Filter>
    </ClInclude>
    <ClInclude Include="Recast\CompactHeightfield.h">
      <Filter>Header Files</Filter>
    </ClInclude>
    <ClInclude Include="Recast\CompactSpan.h">
      <Filter>Header Files</Filter>
    </ClInclude>
    <ClInclude Include="Recast\ContourSet.h">
      <Filter>Header Files</Filter>
    </ClInclude>
    <ClInclude Include="Recast\Heightfield.h">
      <Filter>Header Files</Filter>
    </ClInclude>
    <ClInclude Include="Recast\Span.h">
      <Filter>Header Files</Filter>
    </ClInclude>
    <ClInclude Include="Recast\HeightfieldLayerSet.h">
      <Filter>Header Files</Filter>
    </ClInclude>
    <ClInclude Include="Recast\PolyMesh.h">
      <Filter>Header Files</Filter>
    </ClInclude>
    <ClInclude Include="Recast\PolyMeshDetail.h">
      <Filter>Header Files</Filter>
    </ClInclude>
    <ClInclude Include="Recast\RecastManaged.h">
      <Filter>Header Files</Filter>
    </ClInclude>
    <ClInclude Include="Detour\NavMeshData.h">
      <Filter>Header Files</Filter>
    </ClInclude>
    <ClInclude Include="Detour\PolygonReference.h">
      <Filter>Header Files</Filter>
    </ClInclude>
    <ClInclude Include="Detour\NavMesh.h">
      <Filter>Header Files</Filter>
    </ClInclude>
    <ClInclude Include="Detour\Status.h">
      <Filter>Header Files</Filter>
    </ClInclude>
    <ClInclude Include="Detour\NavMeshParams.h">
      <Filter>Header Files</Filter>
    </ClInclude>
    <ClInclude Include="Detour\TileReference.h">
      <Filter>Header Files</Filter>
    </ClInclude>
    <ClInclude Include="Detour\MeshTile.h">
      <Filter>Header Files</Filter>
    </ClInclude>
    <ClInclude Include="Detour\OffMeshConnection.h">
      <Filter>Header Files</Filter>
    </ClInclude>
    <ClInclude Include="Detour\MeshHeader.h">
      <Filter>Header Files</Filter>
    </ClInclude>
    <ClInclude Include="Detour\Poly.h">
      <Filter>Header Files</Filter>
    </ClInclude>
    <ClInclude Include="Detour\PolyDetail.h">
      <Filter>Header Files</Filter>
    </ClInclude>
    <ClInclude Include="Detour\NavMeshQuery.h">
      <Filter>Header Files</Filter>
    </ClInclude>
    <ClInclude Include="Detour\QueryFilter.h">
      <Filter>Header Files</Filter>
    </ClInclude>
    <ClInclude Include="Detour\LoadTileDelegate.h">
      <Filter>Header Files</Filter>
    </ClInclude>
    <ClInclude Include="DetourTileCache\TileCache.h">
      <Filter>Header Files</Filter>
    </ClInclude>
    <ClInclude Include="DetourTileCache\TileCacheParams.h">
      <Filter>Header Files</Filter>
    </ClInclude>
    <ClInclude Include="Detour\DummyCompressor.h">
      <Filter>Header Files</Filter>
    </ClInclude>
    <ClInclude Include="Detour\LinearAllocator.h">
      <Filter>Header Files</Filter>
    </ClInclude>
    <ClInclude Include="Unmanaged\InputGeom.h">
      <Filter>Header Files</Filter>
    </ClInclude>
    <ClInclude Include="Unmanaged\ChunkyTriMesh.h">
      <Filter>Header Files</Filter>
    </ClInclude>
    <ClInclude Include="Unmanaged\MeshLoaderObj.h">
      <Filter>Header Files</Filter>
    </ClInclude>
    <ClInclude Include="DetourTileCache\MeshProcess.h">
      <Filter>Header Files</Filter>
    </ClInclude>
    <ClInclude Include="Unmanaged\fastlz.h">
      <Filter>Header Files</Filter>
    </ClInclude>
    <ClInclude Include="Detour\DetourManaged.h">
      <Filter>Header Files</Filter>
    </ClInclude>
    <ClInclude Include="Detour\NavMeshCreateParams.h">
      <Filter>Header Files</Filter>
    </ClInclude>
  </ItemGroup>
  <ItemGroup>
    <ClCompile Include="AssemblyInfo.cpp">
      <Filter>Source Files</Filter>
    </ClCompile>
    <ClCompile Include="pch.cpp">
      <Filter>Source Files</Filter>
    </ClCompile>
    <ClCompile Include="Unmanaged\Detour\DetourAlloc.cpp">
      <Filter>Source Files</Filter>
    </ClCompile>
    <ClCompile Include="Unmanaged\Detour\DetourAssert.cpp">
      <Filter>Source Files</Filter>
    </ClCompile>
    <ClCompile Include="Unmanaged\Detour\DetourCommon.cpp">
      <Filter>Source Files</Filter>
    </ClCompile>
    <ClCompile Include="Unmanaged\Detour\DetourCrowd.cpp">
      <Filter>Source Files</Filter>
    </ClCompile>
    <ClCompile Include="Unmanaged\Detour\DetourLocalBoundary.cpp">
      <Filter>Source Files</Filter>
    </ClCompile>
    <ClCompile Include="Unmanaged\Detour\DetourNavMesh.cpp">
      <Filter>Source Files</Filter>
    </ClCompile>
    <ClCompile Include="Unmanaged\Detour\DetourNavMeshBuilder.cpp">
      <Filter>Source Files</Filter>
    </ClCompile>
    <ClCompile Include="Unmanaged\Detour\DetourNavMeshQuery.cpp">
      <Filter>Source Files</Filter>
    </ClCompile>
    <ClCompile Include="Unmanaged\Detour\DetourNode.cpp">
      <Filter>Source Files</Filter>
    </ClCompile>
    <ClCompile Include="Unmanaged\Detour\DetourObstacleAvoidance.cpp">
      <Filter>Source Files</Filter>
    </ClCompile>
    <ClCompile Include="Unmanaged\Detour\DetourPathCorridor.cpp">
      <Filter>Source Files</Filter>
    </ClCompile>
    <ClCompile Include="Unmanaged\Detour\DetourPathQueue.cpp">
      <Filter>Source Files</Filter>
    </ClCompile>
    <ClCompile Include="Unmanaged\Detour\DetourProximityGrid.cpp">
      <Filter>Source Files</Filter>
    </ClCompile>
    <ClCompile Include="Unmanaged\Detour\DetourTileCache.cpp">
      <Filter>Source Files</Filter>
    </ClCompile>
    <ClCompile Include="Unmanaged\Detour\DetourTileCacheBuilder.cpp">
      <Filter>Source Files</Filter>
    </ClCompile>
    <ClCompile Include="Unmanaged\Recast\Recast.cpp">
      <Filter>Source Files</Filter>
    </ClCompile>
    <ClCompile Include="Unmanaged\Recast\RecastAlloc.cpp">
      <Filter>Source Files</Filter>
    </ClCompile>
    <ClCompile Include="Unmanaged\Recast\RecastArea.cpp">
      <Filter>Source Files</Filter>
    </ClCompile>
    <ClCompile Include="Unmanaged\Recast\RecastAssert.cpp">
      <Filter>Source Files</Filter>
    </ClCompile>
    <ClCompile Include="Unmanaged\Recast\RecastContour.cpp">
      <Filter>Source Files</Filter>
    </ClCompile>
    <ClCompile Include="Unmanaged\Recast\RecastFilter.cpp">
      <Filter>Source Files</Filter>
    </ClCompile>
    <ClCompile Include="Unmanaged\Recast\RecastLayers.cpp">
      <Filter>Source Files</Filter>
    </ClCompile>
    <ClCompile Include="Unmanaged\Recast\RecastMesh.cpp">
      <Filter>Source Files</Filter>
    </ClCompile>
    <ClCompile Include="Unmanaged\Recast\RecastMeshDetail.cpp">
      <Filter>Source Files</Filter>
    </ClCompile>
    <ClCompile Include="Unmanaged\Recast\RecastRasterization.cpp">
      <Filter>Source Files</Filter>
    </ClCompile>
    <ClCompile Include="Unmanaged\Recast\RecastRegion.cpp">
      <Filter>Source Files</Filter>
    </ClCompile>
    <ClCompile Include="Tools\Math\Vector3.cpp">
      <Filter>Source Files</Filter>
    </ClCompile>
    <ClCompile Include="Recast\CompactCell.cpp">
      <Filter>Source Files</Filter>
    </ClCompile>
    <ClCompile Include="Recast\CompactHeightfield.cpp">
      <Filter>Source Files</Filter>
    </ClCompile>
    <ClCompile Include="Recast\CompactSpan.cpp">
      <Filter>Source Files</Filter>
    </ClCompile>
    <ClCompile Include="Recast\ContourSet.cpp">
      <Filter>Source Files</Filter>
    </ClCompile>
    <ClCompile Include="Recast\DefaultAreaType.cpp">
      <Filter>Source Files</Filter>
    </ClCompile>
    <ClCompile Include="Recast\Heightfield.cpp">
      <Filter>Source Files</Filter>
    </ClCompile>
    <ClCompile Include="Recast\Span.cpp">
      <Filter>Source Files</Filter>
    </ClCompile>
    <ClCompile Include="Recast\HeightfieldLayerSet.cpp">
      <Filter>Source Files</Filter>
    </ClCompile>
    <ClCompile Include="Recast\PolyMesh.cpp">
      <Filter>Source Files</Filter>
    </ClCompile>
    <ClCompile Include="Recast\PolyMeshDetail.cpp">
      <Filter>Source Files</Filter>
    </ClCompile>
    <ClCompile Include="Recast\RecastManaged.cpp">
      <Filter>Source Files</Filter>
    </ClCompile>
    <ClCompile Include="Detour\NavMeshData.cpp">
      <Filter>Source Files</Filter>
    </ClCompile>
    <ClCompile Include="Detour\PolygonReference.cpp">
      <Filter>Source Files</Filter>
    </ClCompile>
    <ClCompile Include="Detour\NavMesh.cpp">
      <Filter>Source Files</Filter>
    </ClCompile>
    <ClCompile Include="Detour\Status.cpp">
      <Filter>Source Files</Filter>
    </ClCompile>
    <ClCompile Include="Detour\NavMeshParams.cpp">
      <Filter>Source Files</Filter>
    </ClCompile>
    <ClCompile Include="Detour\TileReference.cpp">
      <Filter>Source Files</Filter>
    </ClCompile>
    <ClCompile Include="Detour\MeshTile.cpp">
      <Filter>Source Files</Filter>
    </ClCompile>
    <ClCompile Include="Detour\TileFlags.h">
      <Filter>Source Files</Filter>
    </ClCompile>
    <ClCompile Include="Detour\StraightPathFlags.h">
      <Filter>Source Files</Filter>
    </ClCompile>
    <ClCompile Include="Detour\StatusDetailFlag.h">
      <Filter>Source Files</Filter>
    </ClCompile>
    <ClCompile Include="Detour\DirectionFlags.h">
      <Filter>Source Files</Filter>
    </ClCompile>
    <ClCompile Include="Detour\OffMeshConnection.cpp">
      <Filter>Source Files</Filter>
    </ClCompile>
    <ClCompile Include="Detour\MeshHeader.cpp">
      <Filter>Source Files</Filter>
    </ClCompile>
    <ClCompile Include="Detour\Poly.cpp">
      <Filter>Source Files</Filter>
    </ClCompile>
    <ClCompile Include="Detour\PolyDetail.cpp">
      <Filter>Source Files</Filter>
    </ClCompile>
    <ClCompile Include="Detour\NavMeshQuery.cpp">
      <Filter>Source Files</Filter>
    </ClCompile>
    <ClCompile Include="Detour\QueryFilter.cpp">
      <Filter>Source Files</Filter>
    </ClCompile>
    <ClCompile Include="DetourTileCache\TileCacheParams.cpp">
      <Filter>Source Files</Filter>
    </ClCompile>
    <ClCompile Include="DetourTileCache\TileCache.cpp">
      <Filter>Source Files</Filter>
    </ClCompile>
    <ClCompile Include="Unmanaged\InputGeom.cpp">
      <Filter>Source Files</Filter>
    </ClCompile>
    <ClCompile Include="Unmanaged\ChunkyTriMesh.cpp">
      <Filter>Source Files</Filter>
    </ClCompile>
    <ClCompile Include="Unmanaged\MeshLoaderObj.cpp">
      <Filter>Source Files</Filter>
    </ClCompile>
    <ClCompile Include="Unmanaged\fastlz.c">
      <Filter>Source Files</Filter>
    </ClCompile>
    <ClCompile Include="Detour\DetourManaged.cpp">
      <Filter>Source Files</Filter>
    </ClCompile>
    <ClCompile Include="Detour\NavMeshCreateParams.cpp">
      <Filter>Source Files</Filter>
    </ClCompile>
  </ItemGroup>
  <ItemGroup>
    <ResourceCompile Include="app.rc">
      <Filter>Resource Files</Filter>
    </ResourceCompile>
  </ItemGroup>
  <ItemGroup>
    <Image Include="app.ico">
      <Filter>Resource Files</Filter>
    </Image>
  </ItemGroup>
  <ItemGroup>
    <None Include="cpp.hint" />
  </ItemGroup>
</Project>